// !$*UTF8*$!
{
	archiveVersion = 1;
	classes = {
	};
	objectVersion = 50;
	objects = {

/* Begin PBXBuildFile section */
		341EBB1920AE88C800E75F55 /* HHFunction.swift in Sources */ = {isa = PBXBuildFile; fileRef = 341EBB1820AE88C800E75F55 /* HHFunction.swift */; };
		341EBB1B20AE948500E75F55 /* HHEndpoint.swift in Sources */ = {isa = PBXBuildFile; fileRef = 341EBB1A20AE948500E75F55 /* HHEndpoint.swift */; };
		34DCBAC420ADFBD700DFECAD /* AppDelegate.swift in Sources */ = {isa = PBXBuildFile; fileRef = 34DCBAC320ADFBD700DFECAD /* AppDelegate.swift */; };
		34DCBAC620ADFBD700DFECAD /* AuthViewController.swift in Sources */ = {isa = PBXBuildFile; fileRef = 34DCBAC520ADFBD700DFECAD /* AuthViewController.swift */; };
		34DCBAC920ADFBD700DFECAD /* Main.storyboard in Resources */ = {isa = PBXBuildFile; fileRef = 34DCBAC720ADFBD700DFECAD /* Main.storyboard */; };
		34DCBACB20ADFBD800DFECAD /* Assets.xcassets in Resources */ = {isa = PBXBuildFile; fileRef = 34DCBACA20ADFBD800DFECAD /* Assets.xcassets */; };
		34DCBACE20ADFBD800DFECAD /* LaunchScreen.storyboard in Resources */ = {isa = PBXBuildFile; fileRef = 34DCBACC20ADFBD800DFECAD /* LaunchScreen.storyboard */; };
		34DCBAD620AE000000DFECAD /* HHTextFieldView.xib in Resources */ = {isa = PBXBuildFile; fileRef = 34DCBAD520AE000000DFECAD /* HHTextFieldView.xib */; };
		34DCBAD820AE01B200DFECAD /* HHTextFieldView.swift in Sources */ = {isa = PBXBuildFile; fileRef = 34DCBAD720AE01B200DFECAD /* HHTextFieldView.swift */; };
		34DCBADA20AE0B7900DFECAD /* Extensions.swift in Sources */ = {isa = PBXBuildFile; fileRef = 34DCBAD920AE0B7900DFECAD /* Extensions.swift */; };
		B447FBC1CE2072024F4B49FE /* Pods_HeadsAndHandsDemo.framework in Frameworks */ = {isa = PBXBuildFile; fileRef = B604B702A5FB31302FDD3291 /* Pods_HeadsAndHandsDemo.framework */; };
/* End PBXBuildFile section */

/* Begin PBXFileReference section */
		1FA4FF7A57ABF86A6DACE4E6 /* Pods-HeadsAndHandsDemo.release.xcconfig */ = {isa = PBXFileReference; includeInIndex = 1; lastKnownFileType = text.xcconfig; name = "Pods-HeadsAndHandsDemo.release.xcconfig"; path = "Pods/Target Support Files/Pods-HeadsAndHandsDemo/Pods-HeadsAndHandsDemo.release.xcconfig"; sourceTree = "<group>"; };
		341EBB1820AE88C800E75F55 /* HHFunction.swift */ = {isa = PBXFileReference; lastKnownFileType = sourcecode.swift; path = HHFunction.swift; sourceTree = "<group>"; };
		341EBB1A20AE948500E75F55 /* HHEndpoint.swift */ = {isa = PBXFileReference; lastKnownFileType = sourcecode.swift; path = HHEndpoint.swift; sourceTree = "<group>"; };
		34DCBAC020ADFBD700DFECAD /* HeadsAndHandsDemo.app */ = {isa = PBXFileReference; explicitFileType = wrapper.application; includeInIndex = 0; path = HeadsAndHandsDemo.app; sourceTree = BUILT_PRODUCTS_DIR; };
		34DCBAC320ADFBD700DFECAD /* AppDelegate.swift */ = {isa = PBXFileReference; lastKnownFileType = sourcecode.swift; path = AppDelegate.swift; sourceTree = "<group>"; };
		34DCBAC520ADFBD700DFECAD /* AuthViewController.swift */ = {isa = PBXFileReference; lastKnownFileType = sourcecode.swift; path = AuthViewController.swift; sourceTree = "<group>"; };
		34DCBAC820ADFBD700DFECAD /* Base */ = {isa = PBXFileReference; lastKnownFileType = file.storyboard; name = Base; path = Base.lproj/Main.storyboard; sourceTree = "<group>"; };
		34DCBACA20ADFBD800DFECAD /* Assets.xcassets */ = {isa = PBXFileReference; lastKnownFileType = folder.assetcatalog; path = Assets.xcassets; sourceTree = "<group>"; };
		34DCBACD20ADFBD800DFECAD /* Base */ = {isa = PBXFileReference; lastKnownFileType = file.storyboard; name = Base; path = Base.lproj/LaunchScreen.storyboard; sourceTree = "<group>"; };
		34DCBACF20ADFBD800DFECAD /* Info.plist */ = {isa = PBXFileReference; lastKnownFileType = text.plist.xml; path = Info.plist; sourceTree = "<group>"; };
		34DCBAD520AE000000DFECAD /* HHTextFieldView.xib */ = {isa = PBXFileReference; lastKnownFileType = file.xib; path = HHTextFieldView.xib; sourceTree = "<group>"; };
		34DCBAD720AE01B200DFECAD /* HHTextFieldView.swift */ = {isa = PBXFileReference; lastKnownFileType = sourcecode.swift; path = HHTextFieldView.swift; sourceTree = "<group>"; };
		34DCBAD920AE0B7900DFECAD /* Extensions.swift */ = {isa = PBXFileReference; lastKnownFileType = sourcecode.swift; path = Extensions.swift; sourceTree = "<group>"; };
		7510D43F32E2C128ED70F816 /* Pods-HeadsAndHandsDemo.debug.xcconfig */ = {isa = PBXFileReference; includeInIndex = 1; lastKnownFileType = text.xcconfig; name = "Pods-HeadsAndHandsDemo.debug.xcconfig"; path = "Pods/Target Support Files/Pods-HeadsAndHandsDemo/Pods-HeadsAndHandsDemo.debug.xcconfig"; sourceTree = "<group>"; };
		B604B702A5FB31302FDD3291 /* Pods_HeadsAndHandsDemo.framework */ = {isa = PBXFileReference; explicitFileType = wrapper.framework; includeInIndex = 0; path = Pods_HeadsAndHandsDemo.framework; sourceTree = BUILT_PRODUCTS_DIR; };
/* End PBXFileReference section */

/* Begin PBXFrameworksBuildPhase section */
		34DCBABD20ADFBD700DFECAD /* Frameworks */ = {
			isa = PBXFrameworksBuildPhase;
			buildActionMask = 2147483647;
			files = (
				B447FBC1CE2072024F4B49FE /* Pods_HeadsAndHandsDemo.framework in Frameworks */,
			);
			runOnlyForDeploymentPostprocessing = 0;
		};
/* End PBXFrameworksBuildPhase section */

/* Begin PBXGroup section */
		0D8A6CF4AE917CD7D463873F /* Pods */ = {
			isa = PBXGroup;
			children = (
				7510D43F32E2C128ED70F816 /* Pods-HeadsAndHandsDemo.debug.xcconfig */,
				1FA4FF7A57ABF86A6DACE4E6 /* Pods-HeadsAndHandsDemo.release.xcconfig */,
			);
			name = Pods;
			sourceTree = "<group>";
		};
		2B58431773B55203D19A1D3F /* Frameworks */ = {
			isa = PBXGroup;
			children = (
				B604B702A5FB31302FDD3291 /* Pods_HeadsAndHandsDemo.framework */,
			);
			name = Frameworks;
			sourceTree = "<group>";
		};
		347ED11420AE9D5700C8FBB4 /* API */ = {
			isa = PBXGroup;
			children = (
				341EBB1A20AE948500E75F55 /* HHEndpoint.swift */,
			);
			path = API;
			sourceTree = "<group>";
		};
		347ED11520AE9D6200C8FBB4 /* Helpers */ = {
			isa = PBXGroup;
			children = (
				34DCBAD920AE0B7900DFECAD /* Extensions.swift */,
				341EBB1820AE88C800E75F55 /* HHFunction.swift */,
			);
			path = Helpers;
			sourceTree = "<group>";
		};
		347ED11620AE9D6F00C8FBB4 /* Storyboards & Assets */ = {
			isa = PBXGroup;
			children = (
				34DCBAC720ADFBD700DFECAD /* Main.storyboard */,
				34DCBACA20ADFBD800DFECAD /* Assets.xcassets */,
				34DCBACC20ADFBD800DFECAD /* LaunchScreen.storyboard */,
			);
			path = "Storyboards & Assets";
			sourceTree = "<group>";
		};
		347ED11720AE9D8F00C8FBB4 /* Custom Views */ = {
			isa = PBXGroup;
			children = (
				34DCBAD520AE000000DFECAD /* HHTextFieldView.xib */,
				34DCBAD720AE01B200DFECAD /* HHTextFieldView.swift */,
			);
			path = "Custom Views";
			sourceTree = "<group>";
		};
		34DCBAB720ADFBD700DFECAD = {
			isa = PBXGroup;
			children = (
				34DCBAC220ADFBD700DFECAD /* HeadsAndHandsDemo */,
				34DCBAC120ADFBD700DFECAD /* Products */,
				0D8A6CF4AE917CD7D463873F /* Pods */,
				2B58431773B55203D19A1D3F /* Frameworks */,
			);
			sourceTree = "<group>";
		};
		34DCBAC120ADFBD700DFECAD /* Products */ = {
			isa = PBXGroup;
			children = (
				34DCBAC020ADFBD700DFECAD /* HeadsAndHandsDemo.app */,
			);
			name = Products;
			sourceTree = "<group>";
		};
		34DCBAC220ADFBD700DFECAD /* HeadsAndHandsDemo */ = {
			isa = PBXGroup;
			children = (
				34DCBAC320ADFBD700DFECAD /* AppDelegate.swift */,
				34DCBACF20ADFBD800DFECAD /* Info.plist */,
				347ED11620AE9D6F00C8FBB4 /* Storyboards & Assets */,
				347ED11520AE9D6200C8FBB4 /* Helpers */,
				347ED11420AE9D5700C8FBB4 /* API */,
				34DCBAC520ADFBD700DFECAD /* AuthViewController.swift */,
				347ED11720AE9D8F00C8FBB4 /* Custom Views */,
			);
			path = HeadsAndHandsDemo;
			sourceTree = "<group>";
		};
/* End PBXGroup section */

/* Begin PBXNativeTarget section */
		34DCBABF20ADFBD700DFECAD /* HeadsAndHandsDemo */ = {
			isa = PBXNativeTarget;
			buildConfigurationList = 34DCBAD220ADFBD800DFECAD /* Build configuration list for PBXNativeTarget "HeadsAndHandsDemo" */;
			buildPhases = (
				2F31C8BA568072BD1594FFE0 /* [CP] Check Pods Manifest.lock */,
				34DCBABC20ADFBD700DFECAD /* Sources */,
				34DCBABD20ADFBD700DFECAD /* Frameworks */,
				34DCBABE20ADFBD700DFECAD /* Resources */,
				0958A3D56E59AABB423A622A /* [CP] Embed Pods Frameworks */,
			);
			buildRules = (
			);
			dependencies = (
			);
			name = HeadsAndHandsDemo;
			productName = HeadsAndHandsDemo;
			productReference = 34DCBAC020ADFBD700DFECAD /* HeadsAndHandsDemo.app */;
			productType = "com.apple.product-type.application";
		};
/* End PBXNativeTarget section */

/* Begin PBXProject section */
		34DCBAB820ADFBD700DFECAD /* Project object */ = {
			isa = PBXProject;
			attributes = {
				LastSwiftUpdateCheck = 0930;
				LastUpgradeCheck = 0930;
				ORGANIZATIONNAME = "Сергей Гамаюнов";
				TargetAttributes = {
					34DCBABF20ADFBD700DFECAD = {
						CreatedOnToolsVersion = 9.3;
					};
				};
			};
			buildConfigurationList = 34DCBABB20ADFBD700DFECAD /* Build configuration list for PBXProject "HeadsAndHandsDemo" */;
			compatibilityVersion = "Xcode 9.3";
			developmentRegion = en;
			hasScannedForEncodings = 0;
			knownRegions = (
				en,
				Base,
			);
			mainGroup = 34DCBAB720ADFBD700DFECAD;
			productRefGroup = 34DCBAC120ADFBD700DFECAD /* Products */;
			projectDirPath = "";
			projectRoot = "";
			targets = (
				34DCBABF20ADFBD700DFECAD /* HeadsAndHandsDemo */,
			);
		};
/* End PBXProject section */

/* Begin PBXResourcesBuildPhase section */
		34DCBABE20ADFBD700DFECAD /* Resources */ = {
			isa = PBXResourcesBuildPhase;
			buildActionMask = 2147483647;
			files = (
				34DCBAD620AE000000DFECAD /* HHTextFieldView.xib in Resources */,
				34DCBACE20ADFBD800DFECAD /* LaunchScreen.storyboard in Resources */,
				34DCBACB20ADFBD800DFECAD /* Assets.xcassets in Resources */,
				34DCBAC920ADFBD700DFECAD /* Main.storyboard in Resources */,
			);
			runOnlyForDeploymentPostprocessing = 0;
		};
/* End PBXResourcesBuildPhase section */

/* Begin PBXShellScriptBuildPhase section */
		0958A3D56E59AABB423A622A /* [CP] Embed Pods Frameworks */ = {
			isa = PBXShellScriptBuildPhase;
			buildActionMask = 2147483647;
			files = (
			);
			inputPaths = (
				"${SRCROOT}/Pods/Target Support Files/Pods-HeadsAndHandsDemo/Pods-HeadsAndHandsDemo-frameworks.sh",
				"${BUILT_PRODUCTS_DIR}/Alamofire/Alamofire.framework",
			);
			name = "[CP] Embed Pods Frameworks";
			outputPaths = (
				"${TARGET_BUILD_DIR}/${FRAMEWORKS_FOLDER_PATH}/Alamofire.framework",
			);
			runOnlyForDeploymentPostprocessing = 0;
			shellPath = /bin/sh;
			shellScript = "\"${SRCROOT}/Pods/Target Support Files/Pods-HeadsAndHandsDemo/Pods-HeadsAndHandsDemo-frameworks.sh\"\n";
			showEnvVarsInLog = 0;
		};
		2F31C8BA568072BD1594FFE0 /* [CP] Check Pods Manifest.lock */ = {
			isa = PBXShellScriptBuildPhase;
			buildActionMask = 2147483647;
			files = (
			);
			inputPaths = (
				"${PODS_PODFILE_DIR_PATH}/Podfile.lock",
				"${PODS_ROOT}/Manifest.lock",
			);
			name = "[CP] Check Pods Manifest.lock";
			outputPaths = (
				"$(DERIVED_FILE_DIR)/Pods-HeadsAndHandsDemo-checkManifestLockResult.txt",
			);
			runOnlyForDeploymentPostprocessing = 0;
			shellPath = /bin/sh;
			shellScript = "diff \"${PODS_PODFILE_DIR_PATH}/Podfile.lock\" \"${PODS_ROOT}/Manifest.lock\" > /dev/null\nif [ $? != 0 ] ; then\n    # print error to STDERR\n    echo \"error: The sandbox is not in sync with the Podfile.lock. Run 'pod install' or update your CocoaPods installation.\" >&2\n    exit 1\nfi\n# This output is used by Xcode 'outputs' to avoid re-running this script phase.\necho \"SUCCESS\" > \"${SCRIPT_OUTPUT_FILE_0}\"\n";
			showEnvVarsInLog = 0;
		};
/* End PBXShellScriptBuildPhase section */

/* Begin PBXSourcesBuildPhase section */
		34DCBABC20ADFBD700DFECAD /* Sources */ = {
			isa = PBXSourcesBuildPhase;
			buildActionMask = 2147483647;
			files = (
				341EBB1920AE88C800E75F55 /* HHFunction.swift in Sources */,
				34DCBAD820AE01B200DFECAD /* HHTextFieldView.swift in Sources */,
				34DCBAC620ADFBD700DFECAD /* AuthViewController.swift in Sources */,
				34DCBAC420ADFBD700DFECAD /* AppDelegate.swift in Sources */,
				341EBB1B20AE948500E75F55 /* HHEndpoint.swift in Sources */,
				34DCBADA20AE0B7900DFECAD /* Extensions.swift in Sources */,
			);
			runOnlyForDeploymentPostprocessing = 0;
		};
/* End PBXSourcesBuildPhase section */

/* Begin PBXVariantGroup section */
		34DCBAC720ADFBD700DFECAD /* Main.storyboard */ = {
			isa = PBXVariantGroup;
			children = (
				34DCBAC820ADFBD700DFECAD /* Base */,
			);
			name = Main.storyboard;
			sourceTree = "<group>";
		};
		34DCBACC20ADFBD800DFECAD /* LaunchScreen.storyboard */ = {
			isa = PBXVariantGroup;
			children = (
				34DCBACD20ADFBD800DFECAD /* Base */,
			);
			name = LaunchScreen.storyboard;
			sourceTree = "<group>";
		};
/* End PBXVariantGroup section */

/* Begin XCBuildConfiguration section */
		34DCBAD020ADFBD800DFECAD /* Debug */ = {
			isa = XCBuildConfiguration;
			buildSettings = {
				ALWAYS_SEARCH_USER_PATHS = NO;
				CLANG_ANALYZER_NONNULL = YES;
				CLANG_ANALYZER_NUMBER_OBJECT_CONVERSION = YES_AGGRESSIVE;
				CLANG_CXX_LANGUAGE_STANDARD = "gnu++14";
				CLANG_CXX_LIBRARY = "libc++";
				CLANG_ENABLE_MODULES = YES;
				CLANG_ENABLE_OBJC_ARC = YES;
				CLANG_ENABLE_OBJC_WEAK = YES;
				CLANG_WARN_BLOCK_CAPTURE_AUTORELEASING = YES;
				CLANG_WARN_BOOL_CONVERSION = YES;
				CLANG_WARN_COMMA = YES;
				CLANG_WARN_CONSTANT_CONVERSION = YES;
				CLANG_WARN_DEPRECATED_OBJC_IMPLEMENTATIONS = YES;
				CLANG_WARN_DIRECT_OBJC_ISA_USAGE = YES_ERROR;
				CLANG_WARN_DOCUMENTATION_COMMENTS = YES;
				CLANG_WARN_EMPTY_BODY = YES;
				CLANG_WARN_ENUM_CONVERSION = YES;
				CLANG_WARN_INFINITE_RECURSION = YES;
				CLANG_WARN_INT_CONVERSION = YES;
				CLANG_WARN_NON_LITERAL_NULL_CONVERSION = YES;
				CLANG_WARN_OBJC_IMPLICIT_RETAIN_SELF = YES;
				CLANG_WARN_OBJC_LITERAL_CONVERSION = YES;
				CLANG_WARN_OBJC_ROOT_CLASS = YES_ERROR;
				CLANG_WARN_RANGE_LOOP_ANALYSIS = YES;
				CLANG_WARN_STRICT_PROTOTYPES = YES;
				CLANG_WARN_SUSPICIOUS_MOVE = YES;
				CLANG_WARN_UNGUARDED_AVAILABILITY = YES_AGGRESSIVE;
				CLANG_WARN_UNREACHABLE_CODE = YES;
				CLANG_WARN__DUPLICATE_METHOD_MATCH = YES;
				CODE_SIGN_IDENTITY = "iPhone Developer";
				COPY_PHASE_STRIP = NO;
				DEBUG_INFORMATION_FORMAT = dwarf;
				ENABLE_STRICT_OBJC_MSGSEND = YES;
				ENABLE_TESTABILITY = YES;
				GCC_C_LANGUAGE_STANDARD = gnu11;
				GCC_DYNAMIC_NO_PIC = NO;
				GCC_NO_COMMON_BLOCKS = YES;
				GCC_OPTIMIZATION_LEVEL = 0;
				GCC_PREPROCESSOR_DEFINITIONS = (
					"DEBUG=1",
					"$(inherited)",
				);
				GCC_WARN_64_TO_32_BIT_CONVERSION = YES;
				GCC_WARN_ABOUT_RETURN_TYPE = YES_ERROR;
				GCC_WARN_UNDECLARED_SELECTOR = YES;
				GCC_WARN_UNINITIALIZED_AUTOS = YES_AGGRESSIVE;
				GCC_WARN_UNUSED_FUNCTION = YES;
				GCC_WARN_UNUSED_VARIABLE = YES;
				IPHONEOS_DEPLOYMENT_TARGET = 11.3;
				MTL_ENABLE_DEBUG_INFO = YES;
				ONLY_ACTIVE_ARCH = YES;
				SDKROOT = iphoneos;
				SWIFT_ACTIVE_COMPILATION_CONDITIONS = DEBUG;
				SWIFT_OPTIMIZATION_LEVEL = "-Onone";
			};
			name = Debug;
		};
		34DCBAD120ADFBD800DFECAD /* Release */ = {
			isa = XCBuildConfiguration;
			buildSettings = {
				ALWAYS_SEARCH_USER_PATHS = NO;
				CLANG_ANALYZER_NONNULL = YES;
				CLANG_ANALYZER_NUMBER_OBJECT_CONVERSION = YES_AGGRESSIVE;
				CLANG_CXX_LANGUAGE_STANDARD = "gnu++14";
				CLANG_CXX_LIBRARY = "libc++";
				CLANG_ENABLE_MODULES = YES;
				CLANG_ENABLE_OBJC_ARC = YES;
				CLANG_ENABLE_OBJC_WEAK = YES;
				CLANG_WARN_BLOCK_CAPTURE_AUTORELEASING = YES;
				CLANG_WARN_BOOL_CONVERSION = YES;
				CLANG_WARN_COMMA = YES;
				CLANG_WARN_CONSTANT_CONVERSION = YES;
				CLANG_WARN_DEPRECATED_OBJC_IMPLEMENTATIONS = YES;
				CLANG_WARN_DIRECT_OBJC_ISA_USAGE = YES_ERROR;
				CLANG_WARN_DOCUMENTATION_COMMENTS = YES;
				CLANG_WARN_EMPTY_BODY = YES;
				CLANG_WARN_ENUM_CONVERSION = YES;
				CLANG_WARN_INFINITE_RECURSION = YES;
				CLANG_WARN_INT_CONVERSION = YES;
				CLANG_WARN_NON_LITERAL_NULL_CONVERSION = YES;
				CLANG_WARN_OBJC_IMPLICIT_RETAIN_SELF = YES;
				CLANG_WARN_OBJC_LITERAL_CONVERSION = YES;
				CLANG_WARN_OBJC_ROOT_CLASS = YES_ERROR;
				CLANG_WARN_RANGE_LOOP_ANALYSIS = YES;
				CLANG_WARN_STRICT_PROTOTYPES = YES;
				CLANG_WARN_SUSPICIOUS_MOVE = YES;
				CLANG_WARN_UNGUARDED_AVAILABILITY = YES_AGGRESSIVE;
				CLANG_WARN_UNREACHABLE_CODE = YES;
				CLANG_WARN__DUPLICATE_METHOD_MATCH = YES;
				CODE_SIGN_IDENTITY = "iPhone Developer";
				COPY_PHASE_STRIP = NO;
				DEBUG_INFORMATION_FORMAT = "dwarf-with-dsym";
				ENABLE_NS_ASSERTIONS = NO;
				ENABLE_STRICT_OBJC_MSGSEND = YES;
				GCC_C_LANGUAGE_STANDARD = gnu11;
				GCC_NO_COMMON_BLOCKS = YES;
				GCC_WARN_64_TO_32_BIT_CONVERSION = YES;
				GCC_WARN_ABOUT_RETURN_TYPE = YES_ERROR;
				GCC_WARN_UNDECLARED_SELECTOR = YES;
				GCC_WARN_UNINITIALIZED_AUTOS = YES_AGGRESSIVE;
				GCC_WARN_UNUSED_FUNCTION = YES;
				GCC_WARN_UNUSED_VARIABLE = YES;
				IPHONEOS_DEPLOYMENT_TARGET = 11.3;
				MTL_ENABLE_DEBUG_INFO = NO;
				SDKROOT = iphoneos;
				SWIFT_COMPILATION_MODE = wholemodule;
				SWIFT_OPTIMIZATION_LEVEL = "-O";
				VALIDATE_PRODUCT = YES;
			};
			name = Release;
		};
		34DCBAD320ADFBD800DFECAD /* Debug */ = {
			isa = XCBuildConfiguration;
			baseConfigurationReference = 7510D43F32E2C128ED70F816 /* Pods-HeadsAndHandsDemo.debug.xcconfig */;
			buildSettings = {
				ASSETCATALOG_COMPILER_APPICON_NAME = AppIcon;
				CODE_SIGN_STYLE = Automatic;
				DEVELOPMENT_TEAM = Y3W3883E2B;
				INFOPLIST_FILE = HeadsAndHandsDemo/Info.plist;
				LD_RUNPATH_SEARCH_PATHS = (
					"$(inherited)",
					"@executable_path/Frameworks",
				);
				PRODUCT_BUNDLE_IDENTIFIER = com.gamayunov.HeadsAndHandsDemo;
				PRODUCT_NAME = "$(TARGET_NAME)";
				SWIFT_VERSION = 4.0;
				TARGETED_DEVICE_FAMILY = "1,2";
			};
			name = Debug;
		};
		34DCBAD420ADFBD800DFECAD /* Release */ = {
			isa = XCBuildConfiguration;
			baseConfigurationReference = 1FA4FF7A57ABF86A6DACE4E6 /* Pods-HeadsAndHandsDemo.release.xcconfig */;
			buildSettings = {
				ASSETCATALOG_COMPILER_APPICON_NAME = AppIcon;
				CODE_SIGN_STYLE = Automatic;
				DEVELOPMENT_TEAM = Y3W3883E2B;
				INFOPLIST_FILE = HeadsAndHandsDemo/Info.plist;
				LD_RUNPATH_SEARCH_PATHS = (
					"$(inherited)",
					"@executable_path/Frameworks",
				);
				PRODUCT_BUNDLE_IDENTIFIER = com.gamayunov.HeadsAndHandsDemo;
				PRODUCT_NAME = "$(TARGET_NAME)";
				SWIFT_VERSION = 4.0;
				TARGETED_DEVICE_FAMILY = "1,2";
			};
			name = Release;
		};
/* End XCBuildConfiguration section */

/* Begin XCConfigurationList section */
		34DCBABB20ADFBD700DFECAD /* Build configuration list for PBXProject "HeadsAndHandsDemo" */ = {
			isa = XCConfigurationList;
			buildConfigurations = (
				34DCBAD020ADFBD800DFECAD /* Debug */,
				34DCBAD120ADFBD800DFECAD /* Release */,
			);
			defaultConfigurationIsVisible = 0;
			defaultConfigurationName = Release;
		};
		34DCBAD220ADFBD800DFECAD /* Build configuration list for PBXNativeTarget "HeadsAndHandsDemo" */ = {
			isa = XCConfigurationList;
			buildConfigurations = (
				34DCBAD320ADFBD800DFECAD /* Debug */,
				34DCBAD420ADFBD800DFECAD /* Release */,
			);
			defaultConfigurationIsVisible = 0;
			defaultConfigurationName = Release;
		};
/* End XCConfigurationList section */
	};
	rootObject = 34DCBAB820ADFBD700DFECAD /* Project object */;
}
